
Microsoft Visual Studio Solution File, Format Version 12.00
# Visual Studio Version 17
VisualStudioVersion = 17.2.32616.157
MinimumVisualStudioVersion = 10.0.40219.1
Project("{9A19103F-16F7-4668-BE54-9A1E7A4F7556}") = "APManagerC4", "APManagerC4\APManagerC4.csproj", "{4F4C1C01-5BFA-4DDE-925E-F12A8CBC1439}"
EndProject
Project("{9A19103F-16F7-4668-BE54-9A1E7A4F7556}") = "HM.Collections", "..\HM\HM.Collections\HM.Collections.csproj", "{A64C33C6-0DB4-4B93-B978-E36E5BA66945}"
EndProject
Project("{9A19103F-16F7-4668-BE54-9A1E7A4F7556}") = "HM.Common", "..\HM\HM.Common\HM.Common.csproj", "{755F6AEB-DA99-488F-AFE7-7C2453D9173E}"
EndProject
Project("{9A19103F-16F7-4668-BE54-9A1E7A4F7556}") = "HM.Cryptography", "..\HM\HM.Cryptography\HM.Cryptography.csproj", "{CADFA9A4-58C2-479A-8CB0-C807405EB1F7}"
EndProject
Project("{9A19103F-16F7-4668-BE54-9A1E7A4F7556}") = "HM.Serialization", "..\HM\HM.Serialization\HM.Serialization.csproj", "{E2BBC55F-5CDB-4FAE-9794-0D21F3EF422F}"
EndProject
Global
	GlobalSection(SolutionConfigurationPlatforms) = preSolution
		Debug|Any CPU = Debug|Any CPU
		Release|Any CPU = Release|Any CPU
	EndGlobalSection
	GlobalSection(ProjectConfigurationPlatforms) = postSolution
		{4F4C1C01-5BFA-4DDE-925E-F12A8CBC1439}.Debug|Any CPU.ActiveCfg = Debug|Any CPU
		{4F4C1C01-5BFA-4DDE-925E-F12A8CBC1439}.Debug|Any CPU.Build.0 = Debug|Any CPU
		{4F4C1C01-5BFA-4DDE-925E-F12A8CBC1439}.Release|Any CPU.ActiveCfg = Release|Any CPU
		{4F4C1C01-5BFA-4DDE-925E-F12A8CBC1439}.Release|Any CPU.Build.0 = Release|Any CPU
		{A64C33C6-0DB4-4B93-B978-E36E5BA66945}.Debug|Any CPU.ActiveCfg = Debug|Any CPU
		{A64C33C6-0DB4-4B93-B978-E36E5BA66945}.Debug|Any CPU.Build.0 = Debug|Any CPU
		{A64C33C6-0DB4-4B93-B978-E36E5BA66945}.Release|Any CPU.ActiveCfg = Release|Any CPU
		{A64C33C6-0DB4-4B93-B978-E36E5BA66945}.Release|Any CPU.Build.0 = Release|Any CPU
		{755F6AEB-DA99-488F-AFE7-7C2453D9173E}.Debug|Any CPU.ActiveCfg = Debug|Any CPU
		{755F6AEB-DA99-488F-AFE7-7C2453D9173E}.Debug|Any CPU.Build.0 = Debug|Any CPU
		{755F6AEB-DA99-488F-AFE7-7C2453D9173E}.Release|Any CPU.ActiveCfg = Release|Any CPU
		{755F6AEB-DA99-488F-AFE7-7C2453D9173E}.Release|Any CPU.Build.0 = Release|Any CPU
		{CADFA9A4-58C2-479A-8CB0-C807405EB1F7}.Debug|Any CPU.ActiveCfg = Debug|Any CPU
		{CADFA9A4-58C2-479A-8CB0-C807405EB1F7}.Debug|Any CPU.Build.0 = Debug|Any CPU
		{CADFA9A4-58C2-479A-8CB0-C807405EB1F7}.Release|Any CPU.ActiveCfg = Release|Any CPU
		{CADFA9A4-58C2-479A-8CB0-C807405EB1F7}.Release|Any CPU.Build.0 = Release|Any CPU
		{E2BBC55F-5CDB-4FAE-9794-0D21F3EF422F}.Debug|Any CPU.ActiveCfg = Debug|Any CPU
		{E2BBC55F-5CDB-4FAE-9794-0D21F3EF422F}.Debug|Any CPU.Build.0 = Debug|Any CPU
		{E2BBC55F-5CDB-4FAE-9794-0D21F3EF422F}.Release|Any CPU.ActiveCfg = Release|Any CPU
		{E2BBC55F-5CDB-4FAE-9794-0D21F3EF422F}.Release|Any CPU.Build.0 = Release|Any CPU
	EndGlobalSection
	GlobalSection(SolutionProperties) = preSolution
		HideSolutionNode = FALSE
	EndGlobalSection
	GlobalSection(ExtensibilityGlobals) = postSolution
		SolutionGuid = {F43E2D26-D559-4FE3-BADA-3A0C9E50810E}
	EndGlobalSection
EndGlobal
